// !$*UTF8*$!
{
	archiveVersion = 1;
	classes = {
	};
	objectVersion = 56;
	objects = {

/* Begin PBXBuildFile section */
		0E0833622C35455300FD73AB /* CloudInfoCardView.swift in Sources */ = {isa = PBXBuildFile; fileRef = 0E0833612C35455300FD73AB /* CloudInfoCardView.swift */; };
		0E0833642C37E79F00FD73AB /* ExpandableTextView.swift in Sources */ = {isa = PBXBuildFile; fileRef = 0E0833632C37E79F00FD73AB /* ExpandableTextView.swift */; };
		0E167D242C31B8C700B9263C /* ArticleModel.swift in Sources */ = {isa = PBXBuildFile; fileRef = 0E167D232C31B8C700B9263C /* ArticleModel.swift */; };
		0E167D262C31DFD200B9263C /* BlurView.swift in Sources */ = {isa = PBXBuildFile; fileRef = 0E167D252C31DFD200B9263C /* BlurView.swift */; };
		0E167D2A2C31E06300B9263C /* CloudModel.swift in Sources */ = {isa = PBXBuildFile; fileRef = 0E167D292C31E06300B9263C /* CloudModel.swift */; };
		0E3264982C3D241200BF4DBE /* CameraView.swift in Sources */ = {isa = PBXBuildFile; fileRef = 0E3264972C3D241200BF4DBE /* CameraView.swift */; };
		0E6896A42C563AEE00FBDBC4 /* StretchyHeaderView.swift in Sources */ = {isa = PBXBuildFile; fileRef = 0E6896A32C563AEE00FBDBC4 /* StretchyHeaderView.swift */; };
		0E6927E42C6E4EF4008ACDBD /* CloudListView.swift in Sources */ = {isa = PBXBuildFile; fileRef = 0E6927E32C6E4EF4008ACDBD /* CloudListView.swift */; };
		0E6927E62C6E5002008ACDBD /* CloudListViewModel.swift in Sources */ = {isa = PBXBuildFile; fileRef = 0E6927E52C6E5002008ACDBD /* CloudListViewModel.swift */; };
		0E7971DD2C6804ED00E27139 /* WeatherContentViews.swift in Sources */ = {isa = PBXBuildFile; fileRef = 0E7971DC2C6804ED00E27139 /* WeatherContentViews.swift */; };
		0E7971E02C6A5CC800E27139 /* WrappingHStack in Frameworks */ = {isa = PBXBuildFile; productRef = 0E7971DF2C6A5CC800E27139 /* WrappingHStack */; };
		0E7971E22C6BD18100E27139 /* CloudListModel.swift in Sources */ = {isa = PBXBuildFile; fileRef = 0E7971E12C6BD18100E27139 /* CloudListModel.swift */; };
		0E7971E42C6C0A2200E27139 /* MainView.swift in Sources */ = {isa = PBXBuildFile; fileRef = 0E7971E32C6C0A2200E27139 /* MainView.swift */; };
		0E8520162C502A5600E161E4 /* IconsAndSymbolsView.swift in Sources */ = {isa = PBXBuildFile; fileRef = 0E8520152C502A5600E161E4 /* IconsAndSymbolsView.swift */; };
		0E8520182C50ED2300E161E4 /* UserLibraryView.swift in Sources */ = {isa = PBXBuildFile; fileRef = 0E8520172C50ED2300E161E4 /* UserLibraryView.swift */; };
		0E8749A12C300D3400821646 /* CloudBustingApp.swift in Sources */ = {isa = PBXBuildFile; fileRef = 0E8749A02C300D3400821646 /* CloudBustingApp.swift */; };
		0E8749A32C300D3400821646 /* HomeView.swift in Sources */ = {isa = PBXBuildFile; fileRef = 0E8749A22C300D3400821646 /* HomeView.swift */; };
		0E8749A52C300D3A00821646 /* Assets.xcassets in Resources */ = {isa = PBXBuildFile; fileRef = 0E8749A42C300D3A00821646 /* Assets.xcassets */; };
		0E8749A82C300D3A00821646 /* Preview Assets.xcassets in Resources */ = {isa = PBXBuildFile; fileRef = 0E8749A72C300D3A00821646 /* Preview Assets.xcassets */; };
		0E8749B22C3052FE00821646 /* ArticleThumbnailButtonView.swift in Sources */ = {isa = PBXBuildFile; fileRef = 0E8749B12C3052FE00821646 /* ArticleThumbnailButtonView.swift */; };
		0E88F0522C3D811A009DC813 /* ColoredGlassView.swift in Sources */ = {isa = PBXBuildFile; fileRef = 0E88F0512C3D811A009DC813 /* ColoredGlassView.swift */; };
		0ED54AFE2C383D7A000CD8B2 /* Glur in Frameworks */ = {isa = PBXBuildFile; productRef = 0ED54AFD2C383D7A000CD8B2 /* Glur */; };
		0ED54B002C38405C000CD8B2 /* Extensions.swift in Sources */ = {isa = PBXBuildFile; fileRef = 0ED54AFF2C38405C000CD8B2 /* Extensions.swift */; };
		0ED54B042C39993A000CD8B2 /* WeatherBentoGridView.swift in Sources */ = {isa = PBXBuildFile; fileRef = 0ED54B032C39993A000CD8B2 /* WeatherBentoGridView.swift */; };
		0EF7B1F22C57AA280056076B /* UserModel.swift in Sources */ = {isa = PBXBuildFile; fileRef = 0EF7B1F12C57AA280056076B /* UserModel.swift */; };
		0EF7B1F62C5A2B820056076B /* UserViewModel.swift in Sources */ = {isa = PBXBuildFile; fileRef = 0EF7B1F52C5A2B820056076B /* UserViewModel.swift */; };
/* End PBXBuildFile section */

/* Begin PBXFileReference section */
		0E0833612C35455300FD73AB /* CloudInfoCardView.swift */ = {isa = PBXFileReference; lastKnownFileType = sourcecode.swift; path = CloudInfoCardView.swift; sourceTree = "<group>"; };
		0E0833632C37E79F00FD73AB /* ExpandableTextView.swift */ = {isa = PBXFileReference; lastKnownFileType = sourcecode.swift; path = ExpandableTextView.swift; sourceTree = "<group>"; };
		0E167D232C31B8C700B9263C /* ArticleModel.swift */ = {isa = PBXFileReference; lastKnownFileType = sourcecode.swift; path = ArticleModel.swift; sourceTree = "<group>"; };
		0E167D252C31DFD200B9263C /* BlurView.swift */ = {isa = PBXFileReference; lastKnownFileType = sourcecode.swift; path = BlurView.swift; sourceTree = "<group>"; };
		0E167D292C31E06300B9263C /* CloudModel.swift */ = {isa = PBXFileReference; lastKnownFileType = sourcecode.swift; path = CloudModel.swift; sourceTree = "<group>"; };
		0E3264972C3D241200BF4DBE /* CameraView.swift */ = {isa = PBXFileReference; lastKnownFileType = sourcecode.swift; path = CameraView.swift; sourceTree = "<group>"; };
		0E6896A32C563AEE00FBDBC4 /* StretchyHeaderView.swift */ = {isa = PBXFileReference; lastKnownFileType = sourcecode.swift; path = StretchyHeaderView.swift; sourceTree = "<group>"; };
		0E6927E32C6E4EF4008ACDBD /* CloudListView.swift */ = {isa = PBXFileReference; lastKnownFileType = sourcecode.swift; path = CloudListView.swift; sourceTree = "<group>"; };
		0E6927E52C6E5002008ACDBD /* CloudListViewModel.swift */ = {isa = PBXFileReference; lastKnownFileType = sourcecode.swift; path = CloudListViewModel.swift; sourceTree = "<group>"; };
		0E7971DC2C6804ED00E27139 /* WeatherContentViews.swift */ = {isa = PBXFileReference; lastKnownFileType = sourcecode.swift; path = WeatherContentViews.swift; sourceTree = "<group>"; };
		0E7971E12C6BD18100E27139 /* CloudListModel.swift */ = {isa = PBXFileReference; lastKnownFileType = sourcecode.swift; path = CloudListModel.swift; sourceTree = "<group>"; };
		0E7971E32C6C0A2200E27139 /* MainView.swift */ = {isa = PBXFileReference; lastKnownFileType = sourcecode.swift; path = MainView.swift; sourceTree = "<group>"; };
		0E8520152C502A5600E161E4 /* IconsAndSymbolsView.swift */ = {isa = PBXFileReference; lastKnownFileType = sourcecode.swift; path = IconsAndSymbolsView.swift; sourceTree = "<group>"; };
		0E8520172C50ED2300E161E4 /* UserLibraryView.swift */ = {isa = PBXFileReference; lastKnownFileType = sourcecode.swift; path = UserLibraryView.swift; sourceTree = "<group>"; };
		0E87499D2C300D3400821646 /* CloudBusting.app */ = {isa = PBXFileReference; explicitFileType = wrapper.application; includeInIndex = 0; path = CloudBusting.app; sourceTree = BUILT_PRODUCTS_DIR; };
		0E8749A02C300D3400821646 /* CloudBustingApp.swift */ = {isa = PBXFileReference; lastKnownFileType = sourcecode.swift; path = CloudBustingApp.swift; sourceTree = "<group>"; };
		0E8749A22C300D3400821646 /* HomeView.swift */ = {isa = PBXFileReference; lastKnownFileType = sourcecode.swift; path = HomeView.swift; sourceTree = "<group>"; };
		0E8749A42C300D3A00821646 /* Assets.xcassets */ = {isa = PBXFileReference; lastKnownFileType = folder.assetcatalog; path = Assets.xcassets; sourceTree = "<group>"; };
		0E8749A72C300D3A00821646 /* Preview Assets.xcassets */ = {isa = PBXFileReference; lastKnownFileType = folder.assetcatalog; path = "Preview Assets.xcassets"; sourceTree = "<group>"; };
		0E8749B12C3052FE00821646 /* ArticleThumbnailButtonView.swift */ = {isa = PBXFileReference; lastKnownFileType = sourcecode.swift; path = ArticleThumbnailButtonView.swift; sourceTree = "<group>"; };
		0E88F0512C3D811A009DC813 /* ColoredGlassView.swift */ = {isa = PBXFileReference; lastKnownFileType = sourcecode.swift; path = ColoredGlassView.swift; sourceTree = "<group>"; };
		0ED54AFF2C38405C000CD8B2 /* Extensions.swift */ = {isa = PBXFileReference; lastKnownFileType = sourcecode.swift; path = Extensions.swift; sourceTree = "<group>"; };
		0ED54B032C39993A000CD8B2 /* WeatherBentoGridView.swift */ = {isa = PBXFileReference; lastKnownFileType = sourcecode.swift; path = WeatherBentoGridView.swift; sourceTree = "<group>"; };
		0EF7B1F12C57AA280056076B /* UserModel.swift */ = {isa = PBXFileReference; lastKnownFileType = sourcecode.swift; path = UserModel.swift; sourceTree = "<group>"; };
		0EF7B1F52C5A2B820056076B /* UserViewModel.swift */ = {isa = PBXFileReference; lastKnownFileType = sourcecode.swift; path = UserViewModel.swift; sourceTree = "<group>"; };
/* End PBXFileReference section */

/* Begin PBXFrameworksBuildPhase section */
		0E87499A2C300D3400821646 /* Frameworks */ = {
			isa = PBXFrameworksBuildPhase;
			buildActionMask = 2147483647;
			files = (
				0E7971E02C6A5CC800E27139 /* WrappingHStack in Frameworks */,
				0ED54AFE2C383D7A000CD8B2 /* Glur in Frameworks */,
			);
			runOnlyForDeploymentPostprocessing = 0;
		};
/* End PBXFrameworksBuildPhase section */

/* Begin PBXGroup section */
		0E8749942C300D3400821646 = {
			isa = PBXGroup;
			children = (
				0E87499F2C300D3400821646 /* CloudBusting */,
				0E87499E2C300D3400821646 /* Products */,
			);
			sourceTree = "<group>";
		};
		0E87499E2C300D3400821646 /* Products */ = {
			isa = PBXGroup;
			children = (
				0E87499D2C300D3400821646 /* CloudBusting.app */,
			);
			name = Products;
			sourceTree = "<group>";
		};
		0E87499F2C300D3400821646 /* CloudBusting */ = {
			isa = PBXGroup;
			children = (
				0E8749A02C300D3400821646 /* CloudBustingApp.swift */,
				0E8749B02C30520400821646 /* ViewModels */,
				0E8749AF2C3051FF00821646 /* Models */,
				0E8749AE2C3051F500821646 /* Views */,
				0E8749A42C300D3A00821646 /* Assets.xcassets */,
				0E8749A62C300D3A00821646 /* Preview Content */,
			);
			path = CloudBusting;
			sourceTree = "<group>";
		};
		0E8749A62C300D3A00821646 /* Preview Content */ = {
			isa = PBXGroup;
			children = (
				0E8749A72C300D3A00821646 /* Preview Assets.xcassets */,
			);
			path = "Preview Content";
			sourceTree = "<group>";
		};
		0E8749AE2C3051F500821646 /* Views */ = {
			isa = PBXGroup;
			children = (
				0E8749A22C300D3400821646 /* HomeView.swift */,
				0E8520172C50ED2300E161E4 /* UserLibraryView.swift */,
				0E6927E32C6E4EF4008ACDBD /* CloudListView.swift */,
				0E0833612C35455300FD73AB /* CloudInfoCardView.swift */,
				0E3264972C3D241200BF4DBE /* CameraView.swift */,
				0E8749B12C3052FE00821646 /* ArticleThumbnailButtonView.swift */,
				0ED54B032C39993A000CD8B2 /* WeatherBentoGridView.swift */,
				0E0833632C37E79F00FD73AB /* ExpandableTextView.swift */,
				0E88F0512C3D811A009DC813 /* ColoredGlassView.swift */,
				0E167D252C31DFD200B9263C /* BlurView.swift */,
				0E8520152C502A5600E161E4 /* IconsAndSymbolsView.swift */,
				0E6896A32C563AEE00FBDBC4 /* StretchyHeaderView.swift */,
				0E7971DC2C6804ED00E27139 /* WeatherContentViews.swift */,
				0ED54AFF2C38405C000CD8B2 /* Extensions.swift */,
				0E7971E32C6C0A2200E27139 /* MainView.swift */,
			);
			path = Views;
			sourceTree = "<group>";
		};
		0E8749AF2C3051FF00821646 /* Models */ = {
			isa = PBXGroup;
			children = (
				0E167D232C31B8C700B9263C /* ArticleModel.swift */,
				0E167D292C31E06300B9263C /* CloudModel.swift */,
				0E7971E12C6BD18100E27139 /* CloudListModel.swift */,
				0EF7B1F12C57AA280056076B /* UserModel.swift */,
			);
			path = Models;
			sourceTree = "<group>";
		};
		0E8749B02C30520400821646 /* ViewModels */ = {
			isa = PBXGroup;
			children = (
				0EF7B1F52C5A2B820056076B /* UserViewModel.swift */,
				0E6927E52C6E5002008ACDBD /* CloudListViewModel.swift */,
			);
			path = ViewModels;
			sourceTree = "<group>";
		};
/* End PBXGroup section */

/* Begin PBXNativeTarget section */
		0E87499C2C300D3400821646 /* CloudBusting */ = {
			isa = PBXNativeTarget;
			buildConfigurationList = 0E8749AB2C300D3A00821646 /* Build configuration list for PBXNativeTarget "CloudBusting" */;
			buildPhases = (
				0E8749992C300D3400821646 /* Sources */,
				0E87499A2C300D3400821646 /* Frameworks */,
				0E87499B2C300D3400821646 /* Resources */,
			);
			buildRules = (
			);
			dependencies = (
			);
			name = CloudBusting;
			packageProductDependencies = (
				0ED54AFD2C383D7A000CD8B2 /* Glur */,
				0E7971DF2C6A5CC800E27139 /* WrappingHStack */,
			);
			productName = CloudBusting;
			productReference = 0E87499D2C300D3400821646 /* CloudBusting.app */;
			productType = "com.apple.product-type.application";
		};
/* End PBXNativeTarget section */

/* Begin PBXProject section */
		0E8749952C300D3400821646 /* Project object */ = {
			isa = PBXProject;
			attributes = {
				BuildIndependentTargetsInParallel = 1;
				LastSwiftUpdateCheck = 1540;
				LastUpgradeCheck = 1540;
				TargetAttributes = {
					0E87499C2C300D3400821646 = {
						CreatedOnToolsVersion = 15.4;
					};
				};
			};
			buildConfigurationList = 0E8749982C300D3400821646 /* Build configuration list for PBXProject "CloudBusting" */;
			compatibilityVersion = "Xcode 14.0";
			developmentRegion = en;
			hasScannedForEncodings = 0;
			knownRegions = (
				en,
				Base,
			);
			mainGroup = 0E8749942C300D3400821646;
			packageReferences = (
				0ED54AFC2C383D7A000CD8B2 /* XCRemoteSwiftPackageReference "Glur" */,
				0E7971DE2C6A5CC800E27139 /* XCRemoteSwiftPackageReference "WrappingHStack" */,
			);
			productRefGroup = 0E87499E2C300D3400821646 /* Products */;
			projectDirPath = "";
			projectRoot = "";
			targets = (
				0E87499C2C300D3400821646 /* CloudBusting */,
			);
		};
/* End PBXProject section */

/* Begin PBXResourcesBuildPhase section */
		0E87499B2C300D3400821646 /* Resources */ = {
			isa = PBXResourcesBuildPhase;
			buildActionMask = 2147483647;
			files = (
				0E8749A82C300D3A00821646 /* Preview Assets.xcassets in Resources */,
				0E8749A52C300D3A00821646 /* Assets.xcassets in Resources */,
			);
			runOnlyForDeploymentPostprocessing = 0;
		};
/* End PBXResourcesBuildPhase section */

/* Begin PBXSourcesBuildPhase section */
		0E8749992C300D3400821646 /* Sources */ = {
			isa = PBXSourcesBuildPhase;
			buildActionMask = 2147483647;
			files = (
				0E3264982C3D241200BF4DBE /* CameraView.swift in Sources */,
				0E6927E42C6E4EF4008ACDBD /* CloudListView.swift in Sources */,
				0E8749A32C300D3400821646 /* HomeView.swift in Sources */,
				0E0833622C35455300FD73AB /* CloudInfoCardView.swift in Sources */,
				0E167D2A2C31E06300B9263C /* CloudModel.swift in Sources */,
				0E0833642C37E79F00FD73AB /* ExpandableTextView.swift in Sources */,
				0ED54B042C39993A000CD8B2 /* WeatherBentoGridView.swift in Sources */,
				0E88F0522C3D811A009DC813 /* ColoredGlassView.swift in Sources */,
				0ED54B002C38405C000CD8B2 /* Extensions.swift in Sources */,
				0E8749B22C3052FE00821646 /* ArticleThumbnailButtonView.swift in Sources */,
				0E167D262C31DFD200B9263C /* BlurView.swift in Sources */,
				0EF7B1F62C5A2B820056076B /* UserViewModel.swift in Sources */,
				0E7971DD2C6804ED00E27139 /* WeatherContentViews.swift in Sources */,
				0E8520162C502A5600E161E4 /* IconsAndSymbolsView.swift in Sources */,
				0E6927E62C6E5002008ACDBD /* CloudListViewModel.swift in Sources */,
				0E7971E42C6C0A2200E27139 /* MainView.swift in Sources */,
				0E167D242C31B8C700B9263C /* ArticleModel.swift in Sources */,
				0E6896A42C563AEE00FBDBC4 /* StretchyHeaderView.swift in Sources */,
				0E8749A12C300D3400821646 /* CloudBustingApp.swift in Sources */,
				0EF7B1F22C57AA280056076B /* UserModel.swift in Sources */,
				0E8520182C50ED2300E161E4 /* UserLibraryView.swift in Sources */,
				0E7971E22C6BD18100E27139 /* CloudListModel.swift in Sources */,
			);
			runOnlyForDeploymentPostprocessing = 0;
		};
/* End PBXSourcesBuildPhase section */

/* Begin XCBuildConfiguration section */
		0E8749A92C300D3A00821646 /* Debug */ = {
			isa = XCBuildConfiguration;
			buildSettings = {
				ALWAYS_SEARCH_USER_PATHS = NO;
				ASSETCATALOG_COMPILER_GENERATE_SWIFT_ASSET_SYMBOL_EXTENSIONS = YES;
				CLANG_ANALYZER_NONNULL = YES;
				CLANG_ANALYZER_NUMBER_OBJECT_CONVERSION = YES_AGGRESSIVE;
				CLANG_CXX_LANGUAGE_STANDARD = "gnu++20";
				CLANG_ENABLE_MODULES = YES;
				CLANG_ENABLE_OBJC_ARC = YES;
				CLANG_ENABLE_OBJC_WEAK = YES;
				CLANG_WARN_BLOCK_CAPTURE_AUTORELEASING = YES;
				CLANG_WARN_BOOL_CONVERSION = YES;
				CLANG_WARN_COMMA = YES;
				CLANG_WARN_CONSTANT_CONVERSION = YES;
				CLANG_WARN_DEPRECATED_OBJC_IMPLEMENTATIONS = YES;
				CLANG_WARN_DIRECT_OBJC_ISA_USAGE = YES_ERROR;
				CLANG_WARN_DOCUMENTATION_COMMENTS = YES;
				CLANG_WARN_EMPTY_BODY = YES;
				CLANG_WARN_ENUM_CONVERSION = YES;
				CLANG_WARN_INFINITE_RECURSION = YES;
				CLANG_WARN_INT_CONVERSION = YES;
				CLANG_WARN_NON_LITERAL_NULL_CONVERSION = YES;
				CLANG_WARN_OBJC_IMPLICIT_RETAIN_SELF = YES;
				CLANG_WARN_OBJC_LITERAL_CONVERSION = YES;
				CLANG_WARN_OBJC_ROOT_CLASS = YES_ERROR;
				CLANG_WARN_QUOTED_INCLUDE_IN_FRAMEWORK_HEADER = YES;
				CLANG_WARN_RANGE_LOOP_ANALYSIS = YES;
				CLANG_WARN_STRICT_PROTOTYPES = YES;
				CLANG_WARN_SUSPICIOUS_MOVE = YES;
				CLANG_WARN_UNGUARDED_AVAILABILITY = YES_AGGRESSIVE;
				CLANG_WARN_UNREACHABLE_CODE = YES;
				CLANG_WARN__DUPLICATE_METHOD_MATCH = YES;
				COPY_PHASE_STRIP = NO;
				DEBUG_INFORMATION_FORMAT = dwarf;
				ENABLE_STRICT_OBJC_MSGSEND = YES;
				ENABLE_TESTABILITY = YES;
				ENABLE_USER_SCRIPT_SANDBOXING = YES;
				GCC_C_LANGUAGE_STANDARD = gnu17;
				GCC_DYNAMIC_NO_PIC = NO;
				GCC_NO_COMMON_BLOCKS = YES;
				GCC_OPTIMIZATION_LEVEL = 0;
				GCC_PREPROCESSOR_DEFINITIONS = (
					"DEBUG=1",
					"$(inherited)",
				);
				GCC_WARN_64_TO_32_BIT_CONVERSION = YES;
				GCC_WARN_ABOUT_RETURN_TYPE = YES_ERROR;
				GCC_WARN_UNDECLARED_SELECTOR = YES;
				GCC_WARN_UNINITIALIZED_AUTOS = YES_AGGRESSIVE;
				GCC_WARN_UNUSED_FUNCTION = YES;
				GCC_WARN_UNUSED_VARIABLE = YES;
				IPHONEOS_DEPLOYMENT_TARGET = 17.5;
				LOCALIZATION_PREFERS_STRING_CATALOGS = YES;
				MTL_ENABLE_DEBUG_INFO = INCLUDE_SOURCE;
				MTL_FAST_MATH = YES;
				ONLY_ACTIVE_ARCH = YES;
				SDKROOT = iphoneos;
				SWIFT_ACTIVE_COMPILATION_CONDITIONS = "DEBUG $(inherited)";
				SWIFT_OPTIMIZATION_LEVEL = "-Onone";
			};
			name = Debug;
		};
		0E8749AA2C300D3A00821646 /* Release */ = {
			isa = XCBuildConfiguration;
			buildSettings = {
				ALWAYS_SEARCH_USER_PATHS = NO;
				ASSETCATALOG_COMPILER_GENERATE_SWIFT_ASSET_SYMBOL_EXTENSIONS = YES;
				CLANG_ANALYZER_NONNULL = YES;
				CLANG_ANALYZER_NUMBER_OBJECT_CONVERSION = YES_AGGRESSIVE;
				CLANG_CXX_LANGUAGE_STANDARD = "gnu++20";
				CLANG_ENABLE_MODULES = YES;
				CLANG_ENABLE_OBJC_ARC = YES;
				CLANG_ENABLE_OBJC_WEAK = YES;
				CLANG_WARN_BLOCK_CAPTURE_AUTORELEASING = YES;
				CLANG_WARN_BOOL_CONVERSION = YES;
				CLANG_WARN_COMMA = YES;
				CLANG_WARN_CONSTANT_CONVERSION = YES;
				CLANG_WARN_DEPRECATED_OBJC_IMPLEMENTATIONS = YES;
				CLANG_WARN_DIRECT_OBJC_ISA_USAGE = YES_ERROR;
				CLANG_WARN_DOCUMENTATION_COMMENTS = YES;
				CLANG_WARN_EMPTY_BODY = YES;
				CLANG_WARN_ENUM_CONVERSION = YES;
				CLANG_WARN_INFINITE_RECURSION = YES;
				CLANG_WARN_INT_CONVERSION = YES;
				CLANG_WARN_NON_LITERAL_NULL_CONVERSION = YES;
				CLANG_WARN_OBJC_IMPLICIT_RETAIN_SELF = YES;
				CLANG_WARN_OBJC_LITERAL_CONVERSION = YES;
				CLANG_WARN_OBJC_ROOT_CLASS = YES_ERROR;
				CLANG_WARN_QUOTED_INCLUDE_IN_FRAMEWORK_HEADER = YES;
				CLANG_WARN_RANGE_LOOP_ANALYSIS = YES;
				CLANG_WARN_STRICT_PROTOTYPES = YES;
				CLANG_WARN_SUSPICIOUS_MOVE = YES;
				CLANG_WARN_UNGUARDED_AVAILABILITY = YES_AGGRESSIVE;
				CLANG_WARN_UNREACHABLE_CODE = YES;
				CLANG_WARN__DUPLICATE_METHOD_MATCH = YES;
				COPY_PHASE_STRIP = NO;
				DEBUG_INFORMATION_FORMAT = "dwarf-with-dsym";
				ENABLE_NS_ASSERTIONS = NO;
				ENABLE_STRICT_OBJC_MSGSEND = YES;
				ENABLE_USER_SCRIPT_SANDBOXING = YES;
				GCC_C_LANGUAGE_STANDARD = gnu17;
				GCC_NO_COMMON_BLOCKS = YES;
				GCC_WARN_64_TO_32_BIT_CONVERSION = YES;
				GCC_WARN_ABOUT_RETURN_TYPE = YES_ERROR;
				GCC_WARN_UNDECLARED_SELECTOR = YES;
				GCC_WARN_UNINITIALIZED_AUTOS = YES_AGGRESSIVE;
				GCC_WARN_UNUSED_FUNCTION = YES;
				GCC_WARN_UNUSED_VARIABLE = YES;
				IPHONEOS_DEPLOYMENT_TARGET = 17.5;
				LOCALIZATION_PREFERS_STRING_CATALOGS = YES;
				MTL_ENABLE_DEBUG_INFO = NO;
				MTL_FAST_MATH = YES;
				SDKROOT = iphoneos;
				SWIFT_COMPILATION_MODE = wholemodule;
				VALIDATE_PRODUCT = YES;
			};
			name = Release;
		};
		0E8749AC2C300D3A00821646 /* Debug */ = {
			isa = XCBuildConfiguration;
			buildSettings = {
				ASSETCATALOG_COMPILER_APPICON_NAME = AppIcon;
				ASSETCATALOG_COMPILER_GLOBAL_ACCENT_COLOR_NAME = AccentColor;
				CODE_SIGN_STYLE = Automatic;
				CURRENT_PROJECT_VERSION = 1;
				DEVELOPMENT_ASSET_PATHS = "\"CloudBusting/Preview Content\"";
				DEVELOPMENT_TEAM = YLHUB22WRD;
				ENABLE_PREVIEWS = YES;
				GENERATE_INFOPLIST_FILE = YES;
				INFOPLIST_KEY_NSCameraUsageDescription = "Allow usage to identify clouds using your camera.";
				INFOPLIST_KEY_UIApplicationSceneManifest_Generation = YES;
				INFOPLIST_KEY_UIApplicationSupportsIndirectInputEvents = YES;
				INFOPLIST_KEY_UILaunchScreen_Generation = YES;
				INFOPLIST_KEY_UISupportedInterfaceOrientations_iPad = "UIInterfaceOrientationPortrait UIInterfaceOrientationPortraitUpsideDown UIInterfaceOrientationLandscapeLeft UIInterfaceOrientationLandscapeRight";
				INFOPLIST_KEY_UISupportedInterfaceOrientations_iPhone = "UIInterfaceOrientationPortrait UIInterfaceOrientationLandscapeLeft UIInterfaceOrientationLandscapeRight";
				LD_RUNPATH_SEARCH_PATHS = (
					"$(inherited)",
					"@executable_path/Frameworks",
				);
				MARKETING_VERSION = 1.0;
				PRODUCT_BUNDLE_IDENTIFIER = com.bencw.CloudBusting;
				PRODUCT_NAME = "$(TARGET_NAME)";
				SWIFT_EMIT_LOC_STRINGS = YES;
				SWIFT_VERSION = 5.0;
				TARGETED_DEVICE_FAMILY = "1,2";
			};
			name = Debug;
		};
		0E8749AD2C300D3A00821646 /* Release */ = {
			isa = XCBuildConfiguration;
			buildSettings = {
				ASSETCATALOG_COMPILER_APPICON_NAME = AppIcon;
				ASSETCATALOG_COMPILER_GLOBAL_ACCENT_COLOR_NAME = AccentColor;
				CODE_SIGN_STYLE = Automatic;
				CURRENT_PROJECT_VERSION = 1;
				DEVELOPMENT_ASSET_PATHS = "\"CloudBusting/Preview Content\"";
				DEVELOPMENT_TEAM = YLHUB22WRD;
				ENABLE_PREVIEWS = YES;
				GENERATE_INFOPLIST_FILE = YES;
				INFOPLIST_KEY_NSCameraUsageDescription = "Allow usage to identify clouds using your camera.";
				INFOPLIST_KEY_UIApplicationSceneManifest_Generation = YES;
				INFOPLIST_KEY_UIApplicationSupportsIndirectInputEvents = YES;
				INFOPLIST_KEY_UILaunchScreen_Generation = YES;
				INFOPLIST_KEY_UISupportedInterfaceOrientations_iPad = "UIInterfaceOrientationPortrait UIInterfaceOrientationPortraitUpsideDown UIInterfaceOrientationLandscapeLeft UIInterfaceOrientationLandscapeRight";
				INFOPLIST_KEY_UISupportedInterfaceOrientations_iPhone = "UIInterfaceOrientationPortrait UIInterfaceOrientationLandscapeLeft UIInterfaceOrientationLandscapeRight";
				LD_RUNPATH_SEARCH_PATHS = (
					"$(inherited)",
					"@executable_path/Frameworks",
				);
				MARKETING_VERSION = 1.0;
				PRODUCT_BUNDLE_IDENTIFIER = com.bencw.CloudBusting;
				PRODUCT_NAME = "$(TARGET_NAME)";
				SWIFT_EMIT_LOC_STRINGS = YES;
				SWIFT_VERSION = 5.0;
				TARGETED_DEVICE_FAMILY = "1,2";
			};
			name = Release;
		};
/* End XCBuildConfiguration section */

/* Begin XCConfigurationList section */
		0E8749982C300D3400821646 /* Build configuration list for PBXProject "CloudBusting" */ = {
			isa = XCConfigurationList;
			buildConfigurations = (
				0E8749A92C300D3A00821646 /* Debug */,
				0E8749AA2C300D3A00821646 /* Release */,
			);
			defaultConfigurationIsVisible = 0;
			defaultConfigurationName = Release;
		};
		0E8749AB2C300D3A00821646 /* Build configuration list for PBXNativeTarget "CloudBusting" */ = {
			isa = XCConfigurationList;
			buildConfigurations = (
				0E8749AC2C300D3A00821646 /* Debug */,
				0E8749AD2C300D3A00821646 /* Release */,
			);
			defaultConfigurationIsVisible = 0;
			defaultConfigurationName = Release;
		};
/* End XCConfigurationList section */

/* Begin XCRemoteSwiftPackageReference section */
		0E7971DE2C6A5CC800E27139 /* XCRemoteSwiftPackageReference "WrappingHStack" */ = {
			isa = XCRemoteSwiftPackageReference;
			repositoryURL = "https://github.com/ksemianov/WrappingHStack";
			requirement = {
				kind = upToNextMajorVersion;
				minimumVersion = 0.2.0;
			};
		};
		0ED54AFC2C383D7A000CD8B2 /* XCRemoteSwiftPackageReference "Glur" */ = {
			isa = XCRemoteSwiftPackageReference;
			repositoryURL = "https://github.com/joogps/Glur";
			requirement = {
				kind = upToNextMajorVersion;
				minimumVersion = 1.0.4;
			};
		};
/* End XCRemoteSwiftPackageReference section */

/* Begin XCSwiftPackageProductDependency section */
		0E7971DF2C6A5CC800E27139 /* WrappingHStack */ = {
			isa = XCSwiftPackageProductDependency;
			package = 0E7971DE2C6A5CC800E27139 /* XCRemoteSwiftPackageReference "WrappingHStack" */;
			productName = WrappingHStack;
		};
		0ED54AFD2C383D7A000CD8B2 /* Glur */ = {
			isa = XCSwiftPackageProductDependency;
			package = 0ED54AFC2C383D7A000CD8B2 /* XCRemoteSwiftPackageReference "Glur" */;
			productName = Glur;
		};
/* End XCSwiftPackageProductDependency section */
	};
	rootObject = 0E8749952C300D3400821646 /* Project object */;
}
