{
  "originHash" : "46c17803237465f5d51acc1a8517d4e7598ea61fc5fcff21102861d83cc25049",
  "pins" : [
    {
      "identity" : "glur",
      "kind" : "remoteSourceControl",
      "location" : "https://github.com/joogps/Glur",
      "state" : {
        "revision" : "9e00ff79da318f2c78b749b1027e54a9d4de2e33",
        "version" : "1.0.4"
      }
    }
  ],
  "version" : 3
}
